// !$*UTF8*$!
{
	archiveVersion = 1;
	classes = {
	};
	objectVersion = 77;
	objects = {

/* Begin PBXBuildFile section */
		109AB33CA097AB6A95C5A641 /* PomodoroTimer.swift in Sources */ = {isa = PBXBuildFile; fileRef = 4109E3BE24B14E602030970D /* PomodoroTimer.swift */; };
		270DA45D91929F1668A68F57 /* Assets.xcassets in Resources */ = {isa = PBXBuildFile; fileRef = 3483908B057D6498F3453650 /* Assets.xcassets */; };
		2F49EB11660DDEB0B00AB719 /* PomodoroTimerTests.swift in Sources */ = {isa = PBXBuildFile; fileRef = 04D89E3CF3D4C9C8A221680B /* PomodoroTimerTests.swift */; };
		325B26F7A56BD092633D8DCD /* NotificationsTests.swift in Sources */ = {isa = PBXBuildFile; fileRef = 3DBBA2075390DB2ADF0B5DFA /* NotificationsTests.swift */; };
		3BB37A0602D09DCEDFFFC3C9 /* MenuBarView.swift in Sources */ = {isa = PBXBuildFile; fileRef = EC20DC89A0CC4D9918729949 /* MenuBarView.swift */; };
		3F0EF8CBB7D0D4B2D5AA70FB /* AlertStyle.swift in Sources */ = {isa = PBXBuildFile; fileRef = E3EEA2DD89E4095DAA70B213 /* AlertStyle.swift */; };
		42C2DBE678C0186CB0699C50 /* SliceApp.swift in Sources */ = {isa = PBXBuildFile; fileRef = 01F5F55D50528A5A10EB3BEE /* SliceApp.swift */; };
		5EDCC4C2DE7F783D7C6469AD /* SettingsView.swift in Sources */ = {isa = PBXBuildFile; fileRef = A8B841D10A2D18E0BF498FB0 /* SettingsView.swift */; };
		73D020E368739BCADDA8C831 /* SliceTests.swift in Sources */ = {isa = PBXBuildFile; fileRef = B78897905AA0BDCE9A6F65E3 /* SliceTests.swift */; };
		8AF32BA9DB554096286FC0C9 /* AlertStyleTests.swift in Sources */ = {isa = PBXBuildFile; fileRef = 4D35218C5864E80513450281 /* AlertStyleTests.swift */; };
		95A42E3210A446420A7BBAFE /* AlarmView.swift in Sources */ = {isa = PBXBuildFile; fileRef = 0BD9A6B8866CA154990ADC4E /* AlarmView.swift */; };
		9AA838CBB62ED978A477096E /* Alarm.swift in Sources */ = {isa = PBXBuildFile; fileRef = 4D6C0435CAF1D3B75D3BC2E1 /* Alarm.swift */; };
		EAB93CF0C6997A95F4DAFB32 /* Notifications.swift in Sources */ = {isa = PBXBuildFile; fileRef = 13F497FC8CD088E3CDE8F7EE /* Notifications.swift */; };
/* End PBXBuildFile section */

/* Begin PBXContainerItemProxy section */
		3CC4AB572B1B59E758F7FF5D /* PBXContainerItemProxy */ = {
			isa = PBXContainerItemProxy;
			containerPortal = 6BA5CB1F22F07C3D11B3AF82 /* Project object */;
			proxyType = 1;
			remoteGlobalIDString = 4E69E8429F322D4BDA245188;
			remoteInfo = Slice;
		};
/* End PBXContainerItemProxy section */

/* Begin PBXFileReference section */
		01F5F55D50528A5A10EB3BEE /* SliceApp.swift */ = {isa = PBXFileReference; lastKnownFileType = sourcecode.swift; path = SliceApp.swift; sourceTree = "<group>"; };
		04D89E3CF3D4C9C8A221680B /* PomodoroTimerTests.swift */ = {isa = PBXFileReference; lastKnownFileType = sourcecode.swift; path = PomodoroTimerTests.swift; sourceTree = "<group>"; };
		0BD9A6B8866CA154990ADC4E /* AlarmView.swift */ = {isa = PBXFileReference; lastKnownFileType = sourcecode.swift; path = AlarmView.swift; sourceTree = "<group>"; };
		0E26E5CAA50D7CE0D0FE4B7A /* Info.plist */ = {isa = PBXFileReference; lastKnownFileType = text.plist; path = Info.plist; sourceTree = "<group>"; };
		13F497FC8CD088E3CDE8F7EE /* Notifications.swift */ = {isa = PBXFileReference; lastKnownFileType = sourcecode.swift; path = Notifications.swift; sourceTree = "<group>"; };
		3483908B057D6498F3453650 /* Assets.xcassets */ = {isa = PBXFileReference; lastKnownFileType = folder.assetcatalog; path = Assets.xcassets; sourceTree = "<group>"; };
		3DBBA2075390DB2ADF0B5DFA /* NotificationsTests.swift */ = {isa = PBXFileReference; lastKnownFileType = sourcecode.swift; path = NotificationsTests.swift; sourceTree = "<group>"; };
		4109E3BE24B14E602030970D /* PomodoroTimer.swift */ = {isa = PBXFileReference; lastKnownFileType = sourcecode.swift; path = PomodoroTimer.swift; sourceTree = "<group>"; };
		410D313DA205222E05318D9D /* SliceTests.xctest */ = {isa = PBXFileReference; explicitFileType = wrapper.cfbundle; includeInIndex = 0; path = SliceTests.xctest; sourceTree = BUILT_PRODUCTS_DIR; };
		47CD15552C07A47D2D8E1D2C /* Slice.app */ = {isa = PBXFileReference; explicitFileType = wrapper.application; includeInIndex = 0; path = Slice.app; sourceTree = BUILT_PRODUCTS_DIR; };
		4D35218C5864E80513450281 /* AlertStyleTests.swift */ = {isa = PBXFileReference; lastKnownFileType = sourcecode.swift; path = AlertStyleTests.swift; sourceTree = "<group>"; };
		4D6C0435CAF1D3B75D3BC2E1 /* Alarm.swift */ = {isa = PBXFileReference; lastKnownFileType = sourcecode.swift; path = Alarm.swift; sourceTree = "<group>"; };
		A8B841D10A2D18E0BF498FB0 /* SettingsView.swift */ = {isa = PBXFileReference; lastKnownFileType = sourcecode.swift; path = SettingsView.swift; sourceTree = "<group>"; };
		B78897905AA0BDCE9A6F65E3 /* SliceTests.swift */ = {isa = PBXFileReference; lastKnownFileType = sourcecode.swift; path = SliceTests.swift; sourceTree = "<group>"; };
		E3EEA2DD89E4095DAA70B213 /* AlertStyle.swift */ = {isa = PBXFileReference; lastKnownFileType = sourcecode.swift; path = AlertStyle.swift; sourceTree = "<group>"; };
		EC20DC89A0CC4D9918729949 /* MenuBarView.swift */ = {isa = PBXFileReference; lastKnownFileType = sourcecode.swift; path = MenuBarView.swift; sourceTree = "<group>"; };
/* End PBXFileReference section */

/* Begin PBXGroup section */
		3870AC8F31EF86C2D3FD1903 /* SliceTests */ = {
			isa = PBXGroup;
			children = (
				4D35218C5864E80513450281 /* AlertStyleTests.swift */,
				3DBBA2075390DB2ADF0B5DFA /* NotificationsTests.swift */,
				04D89E3CF3D4C9C8A221680B /* PomodoroTimerTests.swift */,
				B78897905AA0BDCE9A6F65E3 /* SliceTests.swift */,
			);
			path = SliceTests;
			sourceTree = "<group>";
		};
		58325AFA3AF9C725A10EFF4D /* Slice */ = {
			isa = PBXGroup;
			children = (
				4D6C0435CAF1D3B75D3BC2E1 /* Alarm.swift */,
				0BD9A6B8866CA154990ADC4E /* AlarmView.swift */,
				E3EEA2DD89E4095DAA70B213 /* AlertStyle.swift */,
				0E26E5CAA50D7CE0D0FE4B7A /* Info.plist */,
				EC20DC89A0CC4D9918729949 /* MenuBarView.swift */,
				13F497FC8CD088E3CDE8F7EE /* Notifications.swift */,
				4109E3BE24B14E602030970D /* PomodoroTimer.swift */,
				A8B841D10A2D18E0BF498FB0 /* SettingsView.swift */,
				01F5F55D50528A5A10EB3BEE /* SliceApp.swift */,
				81429C9705D6D47A9055149E /* Resources */,
			);
			path = Slice;
			sourceTree = "<group>";
		};
		81429C9705D6D47A9055149E /* Resources */ = {
			isa = PBXGroup;
			children = (
				3483908B057D6498F3453650 /* Assets.xcassets */,
			);
			path = Resources;
			sourceTree = "<group>";
		};
		B9F5CB7CA4689E887FA94CC8 = {
			isa = PBXGroup;
			children = (
				58325AFA3AF9C725A10EFF4D /* Slice */,
				3870AC8F31EF86C2D3FD1903 /* SliceTests */,
				DF511ACA6FFF1371C4FEF26E /* Products */,
			);
			sourceTree = "<group>";
		};
		DF511ACA6FFF1371C4FEF26E /* Products */ = {
			isa = PBXGroup;
			children = (
				47CD15552C07A47D2D8E1D2C /* Slice.app */,
				410D313DA205222E05318D9D /* SliceTests.xctest */,
			);
			name = Products;
			sourceTree = "<group>";
		};
/* End PBXGroup section */

/* Begin PBXNativeTarget section */
		4E69E8429F322D4BDA245188 /* Slice */ = {
			isa = PBXNativeTarget;
			buildConfigurationList = 8351EE3A89129F968F78A2FC /* Build configuration list for PBXNativeTarget "Slice" */;
			buildPhases = (
				299ACAF9C1A00E62E74FD4A2 /* Sources */,
				86C5AA25F04EEF3BB53012E1 /* Resources */,
			);
			buildRules = (
			);
			dependencies = (
			);
			name = Slice;
			packageProductDependencies = (
			);
			productName = Slice;
			productReference = 47CD15552C07A47D2D8E1D2C /* Slice.app */;
			productType = "com.apple.product-type.application";
		};
		DCE12F7FF8334997E5F37EC9 /* SliceTests */ = {
			isa = PBXNativeTarget;
			buildConfigurationList = 841F89357BBB2DE868ECA7D0 /* Build configuration list for PBXNativeTarget "SliceTests" */;
			buildPhases = (
				623DEDFD7F598A3A10CFFE05 /* Sources */,
			);
			buildRules = (
			);
			dependencies = (
				9277D7203FFC696B85778DB2 /* PBXTargetDependency */,
			);
			name = SliceTests;
			packageProductDependencies = (
			);
			productName = SliceTests;
			productReference = 410D313DA205222E05318D9D /* SliceTests.xctest */;
			productType = "com.apple.product-type.bundle.unit-test";
		};
/* End PBXNativeTarget section */

/* Begin PBXProject section */
		6BA5CB1F22F07C3D11B3AF82 /* Project object */ = {
			isa = PBXProject;
			attributes = {
				BuildIndependentTargetsInParallel = YES;
				LastUpgradeCheck = 1430;
				TargetAttributes = {
					4E69E8429F322D4BDA245188 = {
						DevelopmentTeam = "";
						ProvisioningStyle = Manual;
					};
					DCE12F7FF8334997E5F37EC9 = {
						DevelopmentTeam = "";
						ProvisioningStyle = Manual;
					};
				};
			};
			buildConfigurationList = 91108314D85174E8EA4235D9 /* Build configuration list for PBXProject "Slice" */;
			developmentRegion = en;
			hasScannedForEncodings = 0;
			knownRegions = (
				Base,
				en,
			);
			mainGroup = B9F5CB7CA4689E887FA94CC8;
			minimizedProjectReferenceProxies = 1;
			preferredProjectObjectVersion = 77;
			productRefGroup = DF511ACA6FFF1371C4FEF26E /* Products */;
			projectDirPath = "";
			projectRoot = "";
			targets = (
				4E69E8429F322D4BDA245188 /* Slice */,
				DCE12F7FF8334997E5F37EC9 /* SliceTests */,
			);
		};
/* End PBXProject section */

/* Begin PBXResourcesBuildPhase section */
		86C5AA25F04EEF3BB53012E1 /* Resources */ = {
			isa = PBXResourcesBuildPhase;
			buildActionMask = 2147483647;
			files = (
				270DA45D91929F1668A68F57 /* Assets.xcassets in Resources */,
			);
			runOnlyForDeploymentPostprocessing = 0;
		};
/* End PBXResourcesBuildPhase section */

/* Begin PBXSourcesBuildPhase section */
		299ACAF9C1A00E62E74FD4A2 /* Sources */ = {
			isa = PBXSourcesBuildPhase;
			buildActionMask = 2147483647;
			files = (
				9AA838CBB62ED978A477096E /* Alarm.swift in Sources */,
				95A42E3210A446420A7BBAFE /* AlarmView.swift in Sources */,
				3F0EF8CBB7D0D4B2D5AA70FB /* AlertStyle.swift in Sources */,
				3BB37A0602D09DCEDFFFC3C9 /* MenuBarView.swift in Sources */,
				EAB93CF0C6997A95F4DAFB32 /* Notifications.swift in Sources */,
				109AB33CA097AB6A95C5A641 /* PomodoroTimer.swift in Sources */,
				5EDCC4C2DE7F783D7C6469AD /* SettingsView.swift in Sources */,
				42C2DBE678C0186CB0699C50 /* SliceApp.swift in Sources */,
			);
			runOnlyForDeploymentPostprocessing = 0;
		};
		623DEDFD7F598A3A10CFFE05 /* Sources */ = {
			isa = PBXSourcesBuildPhase;
			buildActionMask = 2147483647;
			files = (
				8AF32BA9DB554096286FC0C9 /* AlertStyleTests.swift in Sources */,
				325B26F7A56BD092633D8DCD /* NotificationsTests.swift in Sources */,
				2F49EB11660DDEB0B00AB719 /* PomodoroTimerTests.swift in Sources */,
				73D020E368739BCADDA8C831 /* SliceTests.swift in Sources */,
			);
			runOnlyForDeploymentPostprocessing = 0;
		};
/* End PBXSourcesBuildPhase section */

/* Begin PBXTargetDependency section */
		9277D7203FFC696B85778DB2 /* PBXTargetDependency */ = {
			isa = PBXTargetDependency;
			target = 4E69E8429F322D4BDA245188 /* Slice */;
			targetProxy = 3CC4AB572B1B59E758F7FF5D /* PBXContainerItemProxy */;
		};
/* End PBXTargetDependency section */

/* Begin XCBuildConfiguration section */
		4E775CD24F1E047CDB5F8996 /* Release */ = {
			isa = XCBuildConfiguration;
			buildSettings = {
				ALWAYS_SEARCH_USER_PATHS = NO;
				CLANG_ANALYZER_NONNULL = YES;
				CLANG_ANALYZER_NUMBER_OBJECT_CONVERSION = YES_AGGRESSIVE;
				CLANG_CXX_LANGUAGE_STANDARD = "gnu++14";
				CLANG_CXX_LIBRARY = "libc++";
				CLANG_ENABLE_MODULES = YES;
				CLANG_ENABLE_OBJC_ARC = YES;
				CLANG_ENABLE_OBJC_WEAK = YES;
				CLANG_WARN_BLOCK_CAPTURE_AUTORELEASING = YES;
				CLANG_WARN_BOOL_CONVERSION = YES;
				CLANG_WARN_COMMA = YES;
				CLANG_WARN_CONSTANT_CONVERSION = YES;
				CLANG_WARN_DEPRECATED_OBJC_IMPLEMENTATIONS = YES;
				CLANG_WARN_DIRECT_OBJC_ISA_USAGE = YES_ERROR;
				CLANG_WARN_DOCUMENTATION_COMMENTS = YES;
				CLANG_WARN_EMPTY_BODY = YES;
				CLANG_WARN_ENUM_CONVERSION = YES;
				CLANG_WARN_INFINITE_RECURSION = YES;
				CLANG_WARN_INT_CONVERSION = YES;
				CLANG_WARN_NON_LITERAL_NULL_CONVERSION = YES;
				CLANG_WARN_OBJC_IMPLICIT_RETAIN_SELF = YES;
				CLANG_WARN_OBJC_LITERAL_CONVERSION = YES;
				CLANG_WARN_OBJC_ROOT_CLASS = YES_ERROR;
				CLANG_WARN_QUOTED_INCLUDE_IN_FRAMEWORK_HEADER = YES;
				CLANG_WARN_RANGE_LOOP_ANALYSIS = YES;
				CLANG_WARN_STRICT_PROTOTYPES = YES;
				CLANG_WARN_SUSPICIOUS_MOVE = YES;
				CLANG_WARN_UNGUARDED_AVAILABILITY = YES_AGGRESSIVE;
				CLANG_WARN_UNREACHABLE_CODE = YES;
				CLANG_WARN__DUPLICATE_METHOD_MATCH = YES;
				CODE_SIGN_IDENTITY = "-";
				CODE_SIGN_STYLE = Manual;
				COPY_PHASE_STRIP = NO;
				CURRENT_PROJECT_VERSION = 1;
				DEBUG_INFORMATION_FORMAT = "dwarf-with-dsym";
				DEVELOPMENT_TEAM = "";
				ENABLE_HARDENED_RUNTIME = NO;
				ENABLE_NS_ASSERTIONS = NO;
				ENABLE_STRICT_OBJC_MSGSEND = YES;
				GCC_C_LANGUAGE_STANDARD = gnu11;
				GCC_NO_COMMON_BLOCKS = YES;
				GCC_WARN_64_TO_32_BIT_CONVERSION = YES;
				GCC_WARN_ABOUT_RETURN_TYPE = YES_ERROR;
				GCC_WARN_UNDECLARED_SELECTOR = YES;
				GCC_WARN_UNINITIALIZED_AUTOS = YES_AGGRESSIVE;
				GCC_WARN_UNUSED_FUNCTION = YES;
				GCC_WARN_UNUSED_VARIABLE = YES;
				MACOSX_DEPLOYMENT_TARGET = 26.0;
				MARKETING_VERSION = 0.1.0;
				MTL_ENABLE_DEBUG_INFO = NO;
				MTL_FAST_MATH = YES;
				PRODUCT_NAME = "$(TARGET_NAME)";
				SDKROOT = macosx;
				SWIFT_COMPILATION_MODE = wholemodule;
				SWIFT_OPTIMIZATION_LEVEL = "-O";
				SWIFT_VERSION = 6.0;
			};
			name = Release;
		};
		64047A2B18106D3327A27549 /* Debug */ = {
			isa = XCBuildConfiguration;
			buildSettings = {
				BUNDLE_LOADER = "$(TEST_HOST)";
				COMBINE_HIDPI_IMAGES = YES;
				GENERATE_INFOPLIST_FILE = YES;
				LD_RUNPATH_SEARCH_PATHS = (
					"$(inherited)",
					"@executable_path/../Frameworks",
					"@loader_path/../Frameworks",
				);
				PRODUCT_BUNDLE_IDENTIFIER = com.rezaahmadn.SliceTests;
				SDKROOT = macosx;
				TEST_HOST = "$(BUILT_PRODUCTS_DIR)/Slice.app/Contents/MacOS/Slice";
			};
			name = Debug;
		};
		66A9D63B93B004FDB5923C19 /* Debug */ = {
			isa = XCBuildConfiguration;
			buildSettings = {
				ALWAYS_SEARCH_USER_PATHS = NO;
				CLANG_ANALYZER_NONNULL = YES;
				CLANG_ANALYZER_NUMBER_OBJECT_CONVERSION = YES_AGGRESSIVE;
				CLANG_CXX_LANGUAGE_STANDARD = "gnu++14";
				CLANG_CXX_LIBRARY = "libc++";
				CLANG_ENABLE_MODULES = YES;
				CLANG_ENABLE_OBJC_ARC = YES;
				CLANG_ENABLE_OBJC_WEAK = YES;
				CLANG_WARN_BLOCK_CAPTURE_AUTORELEASING = YES;
				CLANG_WARN_BOOL_CONVERSION = YES;
				CLANG_WARN_COMMA = YES;
				CLANG_WARN_CONSTANT_CONVERSION = YES;
				CLANG_WARN_DEPRECATED_OBJC_IMPLEMENTATIONS = YES;
				CLANG_WARN_DIRECT_OBJC_ISA_USAGE = YES_ERROR;
				CLANG_WARN_DOCUMENTATION_COMMENTS = YES;
				CLANG_WARN_EMPTY_BODY = YES;
				CLANG_WARN_ENUM_CONVERSION = YES;
				CLANG_WARN_INFINITE_RECURSION = YES;
				CLANG_WARN_INT_CONVERSION = YES;
				CLANG_WARN_NON_LITERAL_NULL_CONVERSION = YES;
				CLANG_WARN_OBJC_IMPLICIT_RETAIN_SELF = YES;
				CLANG_WARN_OBJC_LITERAL_CONVERSION = YES;
				CLANG_WARN_OBJC_ROOT_CLASS = YES_ERROR;
				CLANG_WARN_QUOTED_INCLUDE_IN_FRAMEWORK_HEADER = YES;
				CLANG_WARN_RANGE_LOOP_ANALYSIS = YES;
				CLANG_WARN_STRICT_PROTOTYPES = YES;
				CLANG_WARN_SUSPICIOUS_MOVE = YES;
				CLANG_WARN_UNGUARDED_AVAILABILITY = YES_AGGRESSIVE;
				CLANG_WARN_UNREACHABLE_CODE = YES;
				CLANG_WARN__DUPLICATE_METHOD_MATCH = YES;
				CODE_SIGN_IDENTITY = "-";
				CODE_SIGN_STYLE = Manual;
				COPY_PHASE_STRIP = NO;
				CURRENT_PROJECT_VERSION = 1;
				DEBUG_INFORMATION_FORMAT = dwarf;
				DEVELOPMENT_TEAM = "";
				ENABLE_HARDENED_RUNTIME = NO;
				ENABLE_STRICT_OBJC_MSGSEND = YES;
				ENABLE_TESTABILITY = YES;
				GCC_C_LANGUAGE_STANDARD = gnu11;
				GCC_DYNAMIC_NO_PIC = NO;
				GCC_NO_COMMON_BLOCKS = YES;
				GCC_OPTIMIZATION_LEVEL = 0;
				GCC_PREPROCESSOR_DEFINITIONS = (
					"$(inherited)",
					"DEBUG=1",
				);
				GCC_WARN_64_TO_32_BIT_CONVERSION = YES;
				GCC_WARN_ABOUT_RETURN_TYPE = YES_ERROR;
				GCC_WARN_UNDECLARED_SELECTOR = YES;
				GCC_WARN_UNINITIALIZED_AUTOS = YES_AGGRESSIVE;
				GCC_WARN_UNUSED_FUNCTION = YES;
				GCC_WARN_UNUSED_VARIABLE = YES;
				MACOSX_DEPLOYMENT_TARGET = 26.0;
				MARKETING_VERSION = 0.1.0;
				MTL_ENABLE_DEBUG_INFO = INCLUDE_SOURCE;
				MTL_FAST_MATH = YES;
				ONLY_ACTIVE_ARCH = YES;
				PRODUCT_NAME = "$(TARGET_NAME)";
				SDKROOT = macosx;
				SWIFT_ACTIVE_COMPILATION_CONDITIONS = DEBUG;
				SWIFT_OPTIMIZATION_LEVEL = "-Onone";
				SWIFT_VERSION = 6.0;
			};
			name = Debug;
		};
		BB67897643C95B2249957C5A /* Debug */ = {
			isa = XCBuildConfiguration;
			buildSettings = {
				ASSETCATALOG_COMPILER_APPICON_NAME = AppIcon;
				COMBINE_HIDPI_IMAGES = YES;
				INFOPLIST_FILE = Slice/Info.plist;
				LD_RUNPATH_SEARCH_PATHS = (
					"$(inherited)",
					"@executable_path/../Frameworks",
				);
				PRODUCT_BUNDLE_IDENTIFIER = com.rezaahmadn.Slice;
				SDKROOT = macosx;
				SWIFT_STRICT_CONCURRENCY = complete;
			};
			name = Debug;
		};
		BCFFBD2E63B2D2860028CB5C /* Release */ = {
			isa = XCBuildConfiguration;
			buildSettings = {
				ASSETCATALOG_COMPILER_APPICON_NAME = AppIcon;
				COMBINE_HIDPI_IMAGES = YES;
				INFOPLIST_FILE = Slice/Info.plist;
				LD_RUNPATH_SEARCH_PATHS = (
					"$(inherited)",
					"@executable_path/../Frameworks",
				);
				PRODUCT_BUNDLE_IDENTIFIER = com.rezaahmadn.Slice;
				SDKROOT = macosx;
				SWIFT_STRICT_CONCURRENCY = complete;
			};
			name = Release;
		};
		C300AFCD43F7D06AD00C07A9 /* Release */ = {
			isa = XCBuildConfiguration;
			buildSettings = {
				BUNDLE_LOADER = "$(TEST_HOST)";
				COMBINE_HIDPI_IMAGES = YES;
				GENERATE_INFOPLIST_FILE = YES;
				LD_RUNPATH_SEARCH_PATHS = (
					"$(inherited)",
					"@executable_path/../Frameworks",
					"@loader_path/../Frameworks",
				);
				PRODUCT_BUNDLE_IDENTIFIER = com.rezaahmadn.SliceTests;
				SDKROOT = macosx;
				TEST_HOST = "$(BUILT_PRODUCTS_DIR)/Slice.app/Contents/MacOS/Slice";
			};
			name = Release;
		};
/* End XCBuildConfiguration section */

/* Begin XCConfigurationList section */
		8351EE3A89129F968F78A2FC /* Build configuration list for PBXNativeTarget "Slice" */ = {
			isa = XCConfigurationList;
			buildConfigurations = (
				BB67897643C95B2249957C5A /* Debug */,
				BCFFBD2E63B2D2860028CB5C /* Release */,
			);
			defaultConfigurationIsVisible = 0;
			defaultConfigurationName = Debug;
		};
		841F89357BBB2DE868ECA7D0 /* Build configuration list for PBXNativeTarget "SliceTests" */ = {
			isa = XCConfigurationList;
			buildConfigurations = (
				64047A2B18106D3327A27549 /* Debug */,
				C300AFCD43F7D06AD00C07A9 /* Release */,
			);
			defaultConfigurationIsVisible = 0;
			defaultConfigurationName = Debug;
		};
		91108314D85174E8EA4235D9 /* Build configuration list for PBXProject "Slice" */ = {
			isa = XCConfigurationList;
			buildConfigurations = (
				66A9D63B93B004FDB5923C19 /* Debug */,
				4E775CD24F1E047CDB5F8996 /* Release */,
			);
			defaultConfigurationIsVisible = 0;
			defaultConfigurationName = Debug;
		};
/* End XCConfigurationList section */
	};
	rootObject = 6BA5CB1F22F07C3D11B3AF82 /* Project object */;
}
